{
  "name": "failstackbot",
  "version": "1.0.0",
  "lockfileVersion": 1,
  "requires": true,
  "dependencies": {
    "ajv": {
      "version": "4.11.8",
      "resolved": "https://registry.npmjs.org/ajv/-/ajv-4.11.8.tgz",
      "integrity": "sha1-gv+wKynmYq5TvcIK8VlHcGc5xTY=",
      "requires": {
        "co": "4.6.0",
        "json-stable-stringify": "1.0.1"
      }
    },
    "ansi-regex": {
      "version": "https://registry.npmjs.org/ansi-regex/-/ansi-regex-2.1.1.tgz",
      "integrity": "sha1-w7M6te42DYbg5ijwRorn7yfWVN8="
    },
    "ansi-styles": {
      "version": "3.1.0",
      "resolved": "https://registry.npmjs.org/ansi-styles/-/ansi-styles-3.1.0.tgz",
      "integrity": "sha1-CcIC1ckX7CMYjKpcnLkXnNlUd1A=",
      "requires": {
        "color-convert": "1.9.0"
      }
    },
    "aproba": {
      "version": "https://registry.npmjs.org/aproba/-/aproba-1.1.1.tgz",
      "integrity": "sha1-ldNgDwdxCqDpKYxyatXs8urLq6s="
    },
    "are-we-there-yet": {
      "version": "https://registry.npmjs.org/are-we-there-yet/-/are-we-there-yet-1.1.4.tgz",
      "integrity": "sha1-u13KOCu5TwXhUZQ3PRb9O6HKEQ0=",
      "requires": {
        "delegates": "https://registry.npmjs.org/delegates/-/delegates-1.0.0.tgz",
        "readable-stream": "https://registry.npmjs.org/readable-stream/-/readable-stream-2.2.9.tgz"
      }
    },
    "asn1": {
      "version": "0.2.3",
      "resolved": "https://registry.npmjs.org/asn1/-/asn1-0.2.3.tgz",
      "integrity": "sha1-2sh4dxPJlmhJ/IGAd36+nB3fO4Y="
    },
    "assert-plus": {
      "version": "0.2.0",
      "resolved": "https://registry.npmjs.org/assert-plus/-/assert-plus-0.2.0.tgz",
      "integrity": "sha1-104bh+ev/A24qttwIfP+SBAasjQ="
    },
    "async": {
      "version": "2.3.0",
      "resolved": "https://registry.npmjs.org/async/-/async-2.3.0.tgz",
      "integrity": "sha1-EBPRBRBH3TIP4k5JTVxm7K9hR9k=",
      "requires": {
        "lodash": "4.17.4"
      }
    },
    "asynckit": {
      "version": "0.4.0",
      "resolved": "https://registry.npmjs.org/asynckit/-/asynckit-0.4.0.tgz",
      "integrity": "sha1-x57Zf380y48robyXkLzDZkdLS3k="
    },
    "aws-sign2": {
      "version": "0.6.0",
      "resolved": "https://registry.npmjs.org/aws-sign2/-/aws-sign2-0.6.0.tgz",
      "integrity": "sha1-FDQt0428yU0OW4fXY81jYSwOeU8="
    },
    "aws4": {
      "version": "1.6.0",
      "resolved": "https://registry.npmjs.org/aws4/-/aws4-1.6.0.tgz",
      "integrity": "sha1-g+9cqGCysy5KDe7e6MdxudtXRx4="
    },
    "base64url": {
      "version": "2.0.0",
      "resolved": "https://registry.npmjs.org/base64url/-/base64url-2.0.0.tgz",
      "integrity": "sha1-6sFuA+oUOO/5Qj1puqNiYu0fcLs="
    },
    "bcrypt-pbkdf": {
      "version": "1.0.1",
      "resolved": "https://registry.npmjs.org/bcrypt-pbkdf/-/bcrypt-pbkdf-1.0.1.tgz",
      "integrity": "sha1-Y7xdy2EzG5K8Bf1SiVPDNGKgb40=",
      "optional": true,
      "requires": {
        "tweetnacl": "https://registry.npmjs.org/tweetnacl/-/tweetnacl-0.14.5.tgz"
      }
    },
    "bindings": {
      "version": "https://registry.npmjs.org/bindings/-/bindings-1.2.1.tgz",
      "integrity": "sha1-FK1hE4EtLTfXLme0ystLtyZQXxE="
    },
    "bl": {
      "version": "https://registry.npmjs.org/bl/-/bl-1.2.1.tgz",
      "integrity": "sha1-ysMo977kVzDUBLaSID/LWQ4XLV4=",
      "requires": {
        "readable-stream": "https://registry.npmjs.org/readable-stream/-/readable-stream-2.2.9.tgz"
      }
    },
    "boom": {
      "version": "2.10.1",
      "resolved": "https://registry.npmjs.org/boom/-/boom-2.10.1.tgz",
      "integrity": "sha1-OciRjO/1eZ+D+UkqhI9iWt0Mdm8=",
      "requires": {
        "hoek": "2.16.3"
      }
    },
    "buffer-equal-constant-time": {
      "version": "1.0.1",
      "resolved": "https://registry.npmjs.org/buffer-equal-constant-time/-/buffer-equal-constant-time-1.0.1.tgz",
      "integrity": "sha1-+OcRMvf/5uAaXJaXpMbz5I1cyBk="
    },
    "buffer-shims": {
      "version": "https://registry.npmjs.org/buffer-shims/-/buffer-shims-1.0.0.tgz",
      "integrity": "sha1-mXjOMXOIxkmth5MCjDR37wRKi1E="
    },
    "bufferutil": {
      "version": "https://registry.npmjs.org/bufferutil/-/bufferutil-3.0.1.tgz",
      "integrity": "sha1-ILLvUVmsSfIORLzjjnw1pqkE7mY=",
      "requires": {
        "bindings": "https://registry.npmjs.org/bindings/-/bindings-1.2.1.tgz",
        "nan": "https://registry.npmjs.org/nan/-/nan-2.6.2.tgz",
        "prebuild-install": "https://registry.npmjs.org/prebuild-install/-/prebuild-install-2.1.2.tgz"
      },
      "dependencies": {
        "nan": {
          "version": "https://registry.npmjs.org/nan/-/nan-2.6.2.tgz",
          "integrity": "sha1-5P805slf37WuzAjeZZb0NgWn20U="
        }
      }
    },
    "caseless": {
      "version": "0.12.0",
      "resolved": "https://registry.npmjs.org/caseless/-/caseless-0.12.0.tgz",
      "integrity": "sha1-G2gcIf+EAzyCZUMJBolCDRhxUdw="
    },
    "chalk": {
      "version": "2.0.1",
      "resolved": "https://registry.npmjs.org/chalk/-/chalk-2.0.1.tgz",
      "integrity": "sha512-Mp+FXEI+FrwY/XYV45b2YD3E8i3HwnEAoFcM0qlZzq/RZ9RwWitt2Y/c7cqRAz70U7hfekqx6qNYthuKFO6K0g==",
      "requires": {
        "ansi-styles": "3.1.0",
        "escape-string-regexp": "1.0.5",
        "supports-color": "4.2.0"
      }
    },
    "chownr": {
      "version": "https://registry.npmjs.org/chownr/-/chownr-1.0.1.tgz",
      "integrity": "sha1-4qdQQqlVGQi+vSW4Uj1fl2nXkYE="
    },
    "co": {
      "version": "4.6.0",
      "resolved": "https://registry.npmjs.org/co/-/co-4.6.0.tgz",
      "integrity": "sha1-bqa989hTrlTMuOR7+gvz+QMfsYQ="
    },
    "code-point-at": {
      "version": "https://registry.npmjs.org/code-point-at/-/code-point-at-1.1.0.tgz",
      "integrity": "sha1-DQcLTQQ6W+ozovGkDi7bPZpMz3c="
    },
    "color-convert": {
      "version": "1.9.0",
      "resolved": "https://registry.npmjs.org/color-convert/-/color-convert-1.9.0.tgz",
      "integrity": "sha1-Gsz5fdc5uYO/mU1W/sj5WFNkG3o=",
      "requires": {
        "color-name": "1.1.2"
      }
    },
    "color-name": {
      "version": "1.1.2",
      "resolved": "https://registry.npmjs.org/color-name/-/color-name-1.1.2.tgz",
      "integrity": "sha1-XIq3K2S9IhXWF66VWeuxSEdc+Y0="
    },
    "combined-stream": {
      "version": "1.0.5",
      "resolved": "https://registry.npmjs.org/combined-stream/-/combined-stream-1.0.5.tgz",
      "integrity": "sha1-k4NwpXtKUd6ix3wV1cX9+JUWQAk=",
      "requires": {
        "delayed-stream": "1.0.0"
      }
    },
    "console-control-strings": {
      "version": "https://registry.npmjs.org/console-control-strings/-/console-control-strings-1.1.0.tgz",
      "integrity": "sha1-PXz0Rk22RG6mRL9LOVB/mFEAjo4="
    },
    "core-util-is": {
      "version": "https://registry.npmjs.org/core-util-is/-/core-util-is-1.0.2.tgz",
      "integrity": "sha1-tf1UIgqivFq1eqtxQMlAdUUDwac="
    },
    "cryptiles": {
      "version": "2.0.5",
      "resolved": "https://registry.npmjs.org/cryptiles/-/cryptiles-2.0.5.tgz",
      "integrity": "sha1-O9/s3GCBR8HGcgL6KR59ylnqo7g=",
      "requires": {
        "boom": "2.10.1"
      }
    },
    "dashdash": {
      "version": "1.14.1",
      "resolved": "https://registry.npmjs.org/dashdash/-/dashdash-1.14.1.tgz",
      "integrity": "sha1-hTz6D3y+L+1d4gMmuN1YEDX24vA=",
      "requires": {
        "assert-plus": "1.0.0"
      },
      "dependencies": {
        "assert-plus": {
          "version": "1.0.0",
          "resolved": "https://registry.npmjs.org/assert-plus/-/assert-plus-1.0.0.tgz",
          "integrity": "sha1-8S4PPF13sLHN2RRpQuTpbB5N1SU="
        }
      }
    },
    "deep-extend": {
      "version": "https://registry.npmjs.org/deep-extend/-/deep-extend-0.4.2.tgz",
      "integrity": "sha1-SLaZwn4zS/ifEIkr5DL25MfTSn8="
    },
    "delayed-stream": {
      "version": "1.0.0",
      "resolved": "https://registry.npmjs.org/delayed-stream/-/delayed-stream-1.0.0.tgz",
      "integrity": "sha1-3zrhmayt+31ECqrgsp4icrJOxhk="
    },
    "delegates": {
      "version": "https://registry.npmjs.org/delegates/-/delegates-1.0.0.tgz",
      "integrity": "sha1-hMbhWbgZBP3KWaDvRM2HDTElD5o="
    },
    "discord.js": {
      "version": "https://registry.npmjs.org/discord.js/-/discord.js-11.1.0.tgz",
      "integrity": "sha1-U1HVnjeY9TbeGXXpLK5NEa89kmY=",
      "requires": {
        "long": "https://registry.npmjs.org/long/-/long-3.2.0.tgz",
        "prism-media": "https://registry.npmjs.org/prism-media/-/prism-media-0.0.1.tgz",
        "snekfetch": "https://registry.npmjs.org/snekfetch/-/snekfetch-3.1.7.tgz",
        "tweetnacl": "https://registry.npmjs.org/tweetnacl/-/tweetnacl-0.14.5.tgz",
        "ws": "https://registry.npmjs.org/ws/-/ws-2.3.1.tgz"
      }
    },
    "ecc-jsbn": {
      "version": "0.1.1",
      "resolved": "https://registry.npmjs.org/ecc-jsbn/-/ecc-jsbn-0.1.1.tgz",
      "integrity": "sha1-D8c6ntXw1Tw4GTOYUj735UN3dQU=",
      "optional": true,
      "requires": {
        "jsbn": "0.1.1"
      }
    },
    "ecdsa-sig-formatter": {
      "version": "1.0.9",
      "resolved": "https://registry.npmjs.org/ecdsa-sig-formatter/-/ecdsa-sig-formatter-1.0.9.tgz",
      "integrity": "sha1-S8kmJ07Dtau1AW5+HWCSGsJisqE=",
      "requires": {
        "base64url": "2.0.0",
        "safe-buffer": "https://registry.npmjs.org/safe-buffer/-/safe-buffer-5.0.1.tgz"
      }
    },
    "end-of-stream": {
      "version": "https://registry.npmjs.org/end-of-stream/-/end-of-stream-1.4.0.tgz",
      "integrity": "sha1-epDYM+/abPpurA9JSduw+tOmMgY=",
      "requires": {
        "once": "https://registry.npmjs.org/once/-/once-1.4.0.tgz"
      }
    },
    "escape-string-regexp": {
      "version": "1.0.5",
      "resolved": "https://registry.npmjs.org/escape-string-regexp/-/escape-string-regexp-1.0.5.tgz",
      "integrity": "sha1-G2HAViGQqN/2rjuyzwIAyhMLhtQ="
    },
    "expand-template": {
      "version": "https://registry.npmjs.org/expand-template/-/expand-template-1.0.3.tgz",
      "integrity": "sha1-bDAzIxd6YrGyLAcCefeGEoe2mxo="
    },
    "extend": {
      "version": "3.0.1",
      "resolved": "https://registry.npmjs.org/extend/-/extend-3.0.1.tgz",
      "integrity": "sha1-p1Xqe8Gt/MWjHOfnYtuq3F5jZEQ="
    },
    "extsprintf": {
      "version": "1.0.2",
      "resolved": "https://registry.npmjs.org/extsprintf/-/extsprintf-1.0.2.tgz",
      "integrity": "sha1-4QgOBljjALBilJkMxw4VAiNf1VA="
    },
    "forever-agent": {
      "version": "0.6.1",
      "resolved": "https://registry.npmjs.org/forever-agent/-/forever-agent-0.6.1.tgz",
      "integrity": "sha1-+8cfDEGt6zf5bFd60e1C2P2sypE="
    },
    "form-data": {
      "version": "2.1.4",
      "resolved": "https://registry.npmjs.org/form-data/-/form-data-2.1.4.tgz",
      "integrity": "sha1-M8GDrPGTJ27KqYFDpp6Uv+4XUNE=",
      "requires": {
        "asynckit": "0.4.0",
        "combined-stream": "1.0.5",
        "mime-types": "2.1.15"
      }
    },
    "gauge": {
      "version": "https://registry.npmjs.org/gauge/-/gauge-2.7.4.tgz",
      "integrity": "sha1-LANAXHU4w51+s3sxcCLjJfsBi/c=",
      "requires": {
        "aproba": "https://registry.npmjs.org/aproba/-/aproba-1.1.1.tgz",
        "console-control-strings": "https://registry.npmjs.org/console-control-strings/-/console-control-strings-1.1.0.tgz",
        "has-unicode": "https://registry.npmjs.org/has-unicode/-/has-unicode-2.0.1.tgz",
        "object-assign": "https://registry.npmjs.org/object-assign/-/object-assign-4.1.1.tgz",
        "signal-exit": "https://registry.npmjs.org/signal-exit/-/signal-exit-3.0.2.tgz",
        "string-width": "https://registry.npmjs.org/string-width/-/string-width-1.0.2.tgz",
        "strip-ansi": "https://registry.npmjs.org/strip-ansi/-/strip-ansi-3.0.1.tgz",
        "wide-align": "https://registry.npmjs.org/wide-align/-/wide-align-1.1.2.tgz"
      }
    },
    "getpass": {
      "version": "0.1.7",
      "resolved": "https://registry.npmjs.org/getpass/-/getpass-0.1.7.tgz",
      "integrity": "sha1-Xv+OPmhNVprkyysSgmBOi6YhSfo=",
      "requires": {
        "assert-plus": "1.0.0"
      },
      "dependencies": {
        "assert-plus": {
          "version": "1.0.0",
          "resolved": "https://registry.npmjs.org/assert-plus/-/assert-plus-1.0.0.tgz",
          "integrity": "sha1-8S4PPF13sLHN2RRpQuTpbB5N1SU="
        }
      }
    },
    "github-from-package": {
      "version": "https://registry.npmjs.org/github-from-package/-/github-from-package-0.0.0.tgz",
      "integrity": "sha1-l/tdlr/eiXMxPyDoKI75oWf6ZM4="
    },
    "google-auth-library": {
      "version": "0.10.0",
      "resolved": "https://registry.npmjs.org/google-auth-library/-/google-auth-library-0.10.0.tgz",
      "integrity": "sha1-bhW6vuhf0d0U2NEoopW2g41SE24=",
      "requires": {
        "gtoken": "1.2.2",
        "jws": "3.1.4",
        "lodash.noop": "3.0.1",
        "request": "2.81.0"
      }
    },
    "google-p12-pem": {
      "version": "0.1.2",
      "resolved": "https://registry.npmjs.org/google-p12-pem/-/google-p12-pem-0.1.2.tgz",
      "integrity": "sha1-M8RqsCGqc0+gMys5YKmj/8svMXc=",
      "requires": {
        "node-forge": "0.7.1"
      }
    },
    "googleapis": {
      "version": "19.0.0",
      "resolved": "https://registry.npmjs.org/googleapis/-/googleapis-19.0.0.tgz",
      "integrity": "sha1-hwDrFClHd+DBlhUgUf1jZwYd3oU=",
      "requires": {
        "async": "2.3.0",
        "google-auth-library": "0.10.0",
        "string-template": "1.0.0"
      }
    },
    "gtoken": {
      "version": "1.2.2",
      "resolved": "https://registry.npmjs.org/gtoken/-/gtoken-1.2.2.tgz",
      "integrity": "sha1-Fyd2oanZasCfwioA9b6DzubeiCA=",
      "requires": {
        "google-p12-pem": "0.1.2",
        "jws": "3.1.4",
        "mime": "1.3.6",
        "request": "2.81.0"
      }
    },
    "har-schema": {
      "version": "1.0.5",
      "resolved": "https://registry.npmjs.org/har-schema/-/har-schema-1.0.5.tgz",
      "integrity": "sha1-0mMTX0MwfALGAq/I/pWXDAFRNp4="
    },
    "har-validator": {
      "version": "4.2.1",
      "resolved": "https://registry.npmjs.org/har-validator/-/har-validator-4.2.1.tgz",
      "integrity": "sha1-M0gdDxu/9gDdID11gSpqX7oALio=",
      "requires": {
        "ajv": "4.11.8",
        "har-schema": "1.0.5"
      }
    },
    "has-flag": {
      "version": "2.0.0",
      "resolved": "https://registry.npmjs.org/has-flag/-/has-flag-2.0.0.tgz",
      "integrity": "sha1-6CB68cx7MNRGzHC3NLXovhj4jVE="
    },
    "has-unicode": {
      "version": "https://registry.npmjs.org/has-unicode/-/has-unicode-2.0.1.tgz",
      "integrity": "sha1-4Ob+aijPUROIVeCG0Wkedx3iqLk="
    },
    "hawk": {
      "version": "3.1.3",
      "resolved": "https://registry.npmjs.org/hawk/-/hawk-3.1.3.tgz",
      "integrity": "sha1-B4REvXwWQLD+VA0sm3PVlnjo4cQ=",
      "requires": {
        "boom": "2.10.1",
        "cryptiles": "2.0.5",
        "hoek": "2.16.3",
        "sntp": "1.0.9"
      }
    },
    "hoek": {
      "version": "2.16.3",
      "resolved": "https://registry.npmjs.org/hoek/-/hoek-2.16.3.tgz",
      "integrity": "sha1-ILt0A9POo5jpHcRxCo/xuCdKJe0="
    },
    "http-signature": {
      "version": "1.1.1",
      "resolved": "https://registry.npmjs.org/http-signature/-/http-signature-1.1.1.tgz",
      "integrity": "sha1-33LiZwZs0Kxn+3at+OE0qPvPkb8=",
      "requires": {
        "assert-plus": "0.2.0",
        "jsprim": "1.4.0",
        "sshpk": "1.13.1"
      }
    },
    "inherits": {
      "version": "https://registry.npmjs.org/inherits/-/inherits-2.0.3.tgz",
      "integrity": "sha1-Yzwsg+PaQqUC9SRmAiSA9CCCYd4="
    },
    "ini": {
      "version": "https://registry.npmjs.org/ini/-/ini-1.3.4.tgz",
      "integrity": "sha1-BTfLedr1m1mhpRff9wbIbsA5Fi4="
    },
    "is-fullwidth-code-point": {
      "version": "https://registry.npmjs.org/is-fullwidth-code-point/-/is-fullwidth-code-point-1.0.0.tgz",
      "integrity": "sha1-754xOG8DGn8NZDr4L95QxFfvAMs=",
      "requires": {
        "number-is-nan": "https://registry.npmjs.org/number-is-nan/-/number-is-nan-1.0.1.tgz"
      }
    },
    "is-typedarray": {
      "version": "1.0.0",
      "resolved": "https://registry.npmjs.org/is-typedarray/-/is-typedarray-1.0.0.tgz",
      "integrity": "sha1-5HnICFjfDBsR3dppQPlgEfzaSpo="
    },
    "isarray": {
      "version": "https://registry.npmjs.org/isarray/-/isarray-1.0.0.tgz",
      "integrity": "sha1-u5NdSFgsuhaMBoNJV6VKPgcSTxE="
    },
    "isstream": {
      "version": "0.1.2",
      "resolved": "https://registry.npmjs.org/isstream/-/isstream-0.1.2.tgz",
      "integrity": "sha1-R+Y/evVa+m+S4VAOaQ64uFKcCZo="
    },
    "jsbn": {
      "version": "0.1.1",
      "resolved": "https://registry.npmjs.org/jsbn/-/jsbn-0.1.1.tgz",
      "integrity": "sha1-peZUwuWi3rXyAdls77yoDA7y9RM=",
      "optional": true
    },
    "json-schema": {
      "version": "0.2.3",
      "resolved": "https://registry.npmjs.org/json-schema/-/json-schema-0.2.3.tgz",
      "integrity": "sha1-tIDIkuWaLwWVTOcnvT8qTogvnhM="
    },
    "json-stable-stringify": {
      "version": "1.0.1",
      "resolved": "https://registry.npmjs.org/json-stable-stringify/-/json-stable-stringify-1.0.1.tgz",
      "integrity": "sha1-mnWdOcXy/1A/1TAGRu1EX4jE+a8=",
      "requires": {
        "jsonify": "0.0.0"
      }
    },
    "json-stringify-safe": {
      "version": "5.0.1",
      "resolved": "https://registry.npmjs.org/json-stringify-safe/-/json-stringify-safe-5.0.1.tgz",
      "integrity": "sha1-Epai1Y/UXxmg9s4B1lcB4sc1tus="
    },
    "jsonify": {
      "version": "0.0.0",
      "resolved": "https://registry.npmjs.org/jsonify/-/jsonify-0.0.0.tgz",
      "integrity": "sha1-LHS27kHZPKUbe1qu6PUDYx0lKnM="
    },
    "jsprim": {
      "version": "1.4.0",
      "resolved": "https://registry.npmjs.org/jsprim/-/jsprim-1.4.0.tgz",
      "integrity": "sha1-o7h+QCmNjDgFUtjMdiigu5WiKRg=",
      "requires": {
        "assert-plus": "1.0.0",
        "extsprintf": "1.0.2",
        "json-schema": "0.2.3",
        "verror": "1.3.6"
      },
      "dependencies": {
        "assert-plus": {
          "version": "1.0.0",
          "resolved": "https://registry.npmjs.org/assert-plus/-/assert-plus-1.0.0.tgz",
          "integrity": "sha1-8S4PPF13sLHN2RRpQuTpbB5N1SU="
        }
      }
    },
    "jwa": {
      "version": "1.1.5",
      "resolved": "https://registry.npmjs.org/jwa/-/jwa-1.1.5.tgz",
      "integrity": "sha1-oFUs4CIHQs1S4VN3SjKQXDDnVuU=",
      "requires": {
        "base64url": "2.0.0",
        "buffer-equal-constant-time": "1.0.1",
        "ecdsa-sig-formatter": "1.0.9",
        "safe-buffer": "https://registry.npmjs.org/safe-buffer/-/safe-buffer-5.0.1.tgz"
      }
    },
    "jws": {
      "version": "3.1.4",
      "resolved": "https://registry.npmjs.org/jws/-/jws-3.1.4.tgz",
      "integrity": "sha1-+ei5M46KhHJ31kRLFGT2GIDgUKI=",
      "requires": {
        "base64url": "2.0.0",
        "jwa": "1.1.5",
        "safe-buffer": "https://registry.npmjs.org/safe-buffer/-/safe-buffer-5.0.1.tgz"
      }
    },
    "libsodium": {
      "version": "https://registry.npmjs.org/libsodium/-/libsodium-0.5.1.tgz",
      "integrity": "sha1-w0S0nu9tUdFJr4EYFNZC+h2j904="
    },
    "libsodium-wrappers": {
      "version": "https://registry.npmjs.org/libsodium-wrappers/-/libsodium-wrappers-0.5.1.tgz",
      "integrity": "sha1-iG/fPnrn4U+JmCoWB1nimywcRwE=",
      "requires": {
        "libsodium": "https://registry.npmjs.org/libsodium/-/libsodium-0.5.1.tgz"
      }
    },
    "lodash": {
      "version": "4.17.4",
      "resolved": "https://registry.npmjs.org/lodash/-/lodash-4.17.4.tgz",
      "integrity": "sha1-eCA6TRwyiuHYbcpkYONptX9AVa4="
    },
    "lodash.noop": {
      "version": "3.0.1",
      "resolved": "https://registry.npmjs.org/lodash.noop/-/lodash.noop-3.0.1.tgz",
      "integrity": "sha1-OBiPTWUKOkdCWEObluxFsyYXEzw="
    },
    "long": {
      "version": "https://registry.npmjs.org/long/-/long-3.2.0.tgz",
      "integrity": "sha1-2CG3E4yhy1gcFymQ7xTbIAtcR0s="
    },
    "mime": {
      "version": "1.3.6",
      "resolved": "https://registry.npmjs.org/mime/-/mime-1.3.6.tgz",
      "integrity": "sha1-WR2E02U6awtKO5343lqoEI5y5eA="
    },
    "mime-db": {
      "version": "1.27.0",
      "resolved": "https://registry.npmjs.org/mime-db/-/mime-db-1.27.0.tgz",
      "integrity": "sha1-gg9XIpa70g7CXtVeW13oaeVDbrE="
    },
    "mime-types": {
      "version": "2.1.15",
      "resolved": "https://registry.npmjs.org/mime-types/-/mime-types-2.1.15.tgz",
      "integrity": "sha1-pOv1BkCUVpI3uM9wBGd20J/JKu0=",
      "requires": {
        "mime-db": "1.27.0"
      }
    },
    "minimist": {
      "version": "https://registry.npmjs.org/minimist/-/minimist-1.2.0.tgz",
      "integrity": "sha1-o1AIsg9BOD7sH7kU9M1d95omQoQ="
    },
    "mkdirp": {
      "version": "https://registry.npmjs.org/mkdirp/-/mkdirp-0.5.1.tgz",
      "integrity": "sha1-MAV0OOrGz3+MR2fzhkjWaX11yQM=",
      "requires": {
        "minimist": "https://registry.npmjs.org/minimist/-/minimist-0.0.8.tgz"
      },
      "dependencies": {
        "minimist": {
          "version": "https://registry.npmjs.org/minimist/-/minimist-0.0.8.tgz",
          "integrity": "sha1-hX/Kv8M5fSYluCKCYuhqp6ARsF0="
        }
      }
    },
    "moment": {
      "version": "2.18.1",
      "resolved": "https://registry.npmjs.org/moment/-/moment-2.18.1.tgz",
      "integrity": "sha1-w2GT3Tzhwu7SrbfIAtu8d6gbHA8="
    },
    "node-abi": {
      "version": "https://registry.npmjs.org/node-abi/-/node-abi-2.0.2.tgz",
      "integrity": "sha1-APPgpYEA60gBM7SMmaMswfnmyT4="
    },
    "node-forge": {
      "version": "0.7.1",
      "resolved": "https://registry.npmjs.org/node-forge/-/node-forge-0.7.1.tgz",
      "integrity": "sha1-naYR6giYL0uUIGs760zJZl8gwwA="
    },
    "noop-logger": {
      "version": "https://registry.npmjs.org/noop-logger/-/noop-logger-0.1.1.tgz",
      "integrity": "sha1-lKKxYzxPExdVMAfYlm/Q6EG2pMI="
    },
    "npmlog": {
      "version": "https://registry.npmjs.org/npmlog/-/npmlog-4.1.0.tgz",
      "integrity": "sha1-3Fm+6F9k8A7UJO+yrweD3yXRwLU=",
      "requires": {
        "are-we-there-yet": "https://registry.npmjs.org/are-we-there-yet/-/are-we-there-yet-1.1.4.tgz",
        "console-control-strings": "https://registry.npmjs.org/console-control-strings/-/console-control-strings-1.1.0.tgz",
        "gauge": "https://registry.npmjs.org/gauge/-/gauge-2.7.4.tgz",
        "set-blocking": "https://registry.npmjs.org/set-blocking/-/set-blocking-2.0.0.tgz"
      }
    },
    "number-is-nan": {
      "version": "https://registry.npmjs.org/number-is-nan/-/number-is-nan-1.0.1.tgz",
      "integrity": "sha1-CXtgK1NCKlIsGvuHkDGDNpQaAR0="
    },
    "oauth-sign": {
      "version": "0.8.2",
      "resolved": "https://registry.npmjs.org/oauth-sign/-/oauth-sign-0.8.2.tgz",
      "integrity": "sha1-Rqarfwrq2N6unsBWV4C31O/rnUM="
    },
    "object-assign": {
      "version": "https://registry.npmjs.org/object-assign/-/object-assign-4.1.1.tgz",
      "integrity": "sha1-IQmtx5ZYh8/AXLvUQsrIv7s2CGM="
    },
    "once": {
      "version": "https://registry.npmjs.org/once/-/once-1.4.0.tgz",
      "integrity": "sha1-WDsap3WWHUsROsF9nFC6753Xa9E=",
      "requires": {
        "wrappy": "https://registry.npmjs.org/wrappy/-/wrappy-1.0.2.tgz"
      }
    },
    "opusscript": {
      "version": "https://registry.npmjs.org/opusscript/-/opusscript-0.0.3.tgz",
      "integrity": "sha1-zkZxf8jW+QHFGR5pSFyImgNqhnQ="
    },
    "os-homedir": {
      "version": "https://registry.npmjs.org/os-homedir/-/os-homedir-1.0.2.tgz",
      "integrity": "sha1-/7xJiDNuDoM94MFox+8VISGqf7M="
    },
    "performance-now": {
      "version": "0.2.0",
      "resolved": "https://registry.npmjs.org/performance-now/-/performance-now-0.2.0.tgz",
      "integrity": "sha1-M+8wxcd9TqIcWlOGnZG1bY8lVeU="
    },
    "prebuild-install": {
      "version": "https://registry.npmjs.org/prebuild-install/-/prebuild-install-2.1.2.tgz",
      "integrity": "sha1-2a4MqFMw4Dli2TKS+VqLRMLr9QU=",
      "requires": {
        "expand-template": "https://registry.npmjs.org/expand-template/-/expand-template-1.0.3.tgz",
        "github-from-package": "https://registry.npmjs.org/github-from-package/-/github-from-package-0.0.0.tgz",
        "minimist": "https://registry.npmjs.org/minimist/-/minimist-1.2.0.tgz",
        "mkdirp": "https://registry.npmjs.org/mkdirp/-/mkdirp-0.5.1.tgz",
        "node-abi": "https://registry.npmjs.org/node-abi/-/node-abi-2.0.2.tgz",
        "noop-logger": "https://registry.npmjs.org/noop-logger/-/noop-logger-0.1.1.tgz",
        "npmlog": "https://registry.npmjs.org/npmlog/-/npmlog-4.1.0.tgz",
        "os-homedir": "https://registry.npmjs.org/os-homedir/-/os-homedir-1.0.2.tgz",
        "pump": "https://registry.npmjs.org/pump/-/pump-1.0.2.tgz",
        "rc": "https://registry.npmjs.org/rc/-/rc-1.2.1.tgz",
        "simple-get": "https://registry.npmjs.org/simple-get/-/simple-get-1.4.3.tgz",
        "tar-fs": "https://registry.npmjs.org/tar-fs/-/tar-fs-1.15.2.tgz",
        "tunnel-agent": "https://registry.npmjs.org/tunnel-agent/-/tunnel-agent-0.4.3.tgz",
        "xtend": "https://registry.npmjs.org/xtend/-/xtend-4.0.1.tgz"
      }
    },
    "prism-media": {
      "version": "https://registry.npmjs.org/prism-media/-/prism-media-0.0.1.tgz",
      "integrity": "sha1-o0JcnKvVDRxsAuVDlBoRiVZnvRA="
    },
    "process-nextick-args": {
      "version": "https://registry.npmjs.org/process-nextick-args/-/process-nextick-args-1.0.7.tgz",
      "integrity": "sha1-FQ4gt1ZZCtP5EJPyWk8q2L/zC6M="
    },
    "pump": {
      "version": "https://registry.npmjs.org/pump/-/pump-1.0.2.tgz",
      "integrity": "sha1-Oz7mUS+U8OV1U4wXmV+fFpkKXVE=",
      "requires": {
        "end-of-stream": "https://registry.npmjs.org/end-of-stream/-/end-of-stream-1.4.0.tgz",
        "once": "https://registry.npmjs.org/once/-/once-1.4.0.tgz"
      }
    },
    "punycode": {
      "version": "1.4.1",
      "resolved": "https://registry.npmjs.org/punycode/-/punycode-1.4.1.tgz",
      "integrity": "sha1-wNWmOycYgArY4esPpSachN1BhF4="
    },
    "qs": {
      "version": "6.4.0",
      "resolved": "https://registry.npmjs.org/qs/-/qs-6.4.0.tgz",
      "integrity": "sha1-E+JtKK1rD/qpExLNO/cI7TUecjM="
    },
    "rc": {
      "version": "https://registry.npmjs.org/rc/-/rc-1.2.1.tgz",
      "integrity": "sha1-LgPo5C7kULjLPc5lvhv4l04d/ZU=",
      "requires": {
        "deep-extend": "https://registry.npmjs.org/deep-extend/-/deep-extend-0.4.2.tgz",
        "ini": "https://registry.npmjs.org/ini/-/ini-1.3.4.tgz",
        "minimist": "https://registry.npmjs.org/minimist/-/minimist-1.2.0.tgz",
        "strip-json-comments": "https://registry.npmjs.org/strip-json-comments/-/strip-json-comments-2.0.1.tgz"
      }
    },
    "readable-stream": {
      "version": "https://registry.npmjs.org/readable-stream/-/readable-stream-2.2.9.tgz",
      "integrity": "sha1-z3jsb0ptHrQ9JkiMrJfwQudLf8g=",
      "requires": {
        "buffer-shims": "https://registry.npmjs.org/buffer-shims/-/buffer-shims-1.0.0.tgz",
        "core-util-is": "https://registry.npmjs.org/core-util-is/-/core-util-is-1.0.2.tgz",
        "inherits": "https://registry.npmjs.org/inherits/-/inherits-2.0.3.tgz",
        "isarray": "https://registry.npmjs.org/isarray/-/isarray-1.0.0.tgz",
        "process-nextick-args": "https://registry.npmjs.org/process-nextick-args/-/process-nextick-args-1.0.7.tgz",
        "string_decoder": "https://registry.npmjs.org/string_decoder/-/string_decoder-1.0.1.tgz",
        "util-deprecate": "https://registry.npmjs.org/util-deprecate/-/util-deprecate-1.0.2.tgz"
      }
    },
    "request": {
      "version": "2.81.0",
      "resolved": "https://registry.npmjs.org/request/-/request-2.81.0.tgz",
      "integrity": "sha1-xpKJRqDgbF+Nb4qTM0af/aRimKA=",
      "requires": {
        "aws-sign2": "0.6.0",
        "aws4": "1.6.0",
        "caseless": "0.12.0",
        "combined-stream": "1.0.5",
        "extend": "3.0.1",
        "forever-agent": "0.6.1",
        "form-data": "2.1.4",
        "har-validator": "4.2.1",
        "hawk": "3.1.3",
        "http-signature": "1.1.1",
        "is-typedarray": "1.0.0",
        "isstream": "0.1.2",
        "json-stringify-safe": "5.0.1",
        "mime-types": "2.1.15",
        "oauth-sign": "0.8.2",
        "performance-now": "0.2.0",
        "qs": "6.4.0",
        "safe-buffer": "https://registry.npmjs.org/safe-buffer/-/safe-buffer-5.0.1.tgz",
        "stringstream": "0.0.5",
        "tough-cookie": "2.3.2",
        "tunnel-agent": "0.6.0",
        "uuid": "3.1.0"
      },
      "dependencies": {
        "tunnel-agent": {
          "version": "0.6.0",
          "resolved": "https://registry.npmjs.org/tunnel-agent/-/tunnel-agent-0.6.0.tgz",
          "integrity": "sha1-J6XeoGs2sEoKmWZ3SykIaPD8QP0=",
          "requires": {
            "safe-buffer": "https://registry.npmjs.org/safe-buffer/-/safe-buffer-5.0.1.tgz"
          }
        }
      }
    },
    "return-deep-diff": {
      "version": "0.2.7",
      "resolved": "https://registry.npmjs.org/return-deep-diff/-/return-deep-diff-0.2.7.tgz",
      "integrity": "sha1-tFI73qgcbsI+KjFCoH8MqJbdTvY="
    },
    "safe-buffer": {
      "version": "https://registry.npmjs.org/safe-buffer/-/safe-buffer-5.0.1.tgz",
      "integrity": "sha1-0mPKVGls2KMGtcplUekt5XkY++c="
    },
    "set-blocking": {
      "version": "https://registry.npmjs.org/set-blocking/-/set-blocking-2.0.0.tgz",
      "integrity": "sha1-BF+XgtARrppoA93TgrJDkrPYkPc="
    },
    "signal-exit": {
      "version": "https://registry.npmjs.org/signal-exit/-/signal-exit-3.0.2.tgz",
      "integrity": "sha1-tf3AjxKH6hF4Yo5BXiUTK3NkbG0="
    },
    "simple-get": {
      "version": "https://registry.npmjs.org/simple-get/-/simple-get-1.4.3.tgz",
      "integrity": "sha1-6XVe2kB+ltpAxeUVjJ6jezO+y+s=",
      "requires": {
        "once": "https://registry.npmjs.org/once/-/once-1.4.0.tgz",
        "unzip-response": "https://registry.npmjs.org/unzip-response/-/unzip-response-1.0.2.tgz",
        "xtend": "https://registry.npmjs.org/xtend/-/xtend-4.0.1.tgz"
      }
    },
    "snekfetch": {
      "version": "https://registry.npmjs.org/snekfetch/-/snekfetch-3.1.7.tgz",
      "integrity": "sha1-XrmA0pw7RVvwsTNZZHkJsHNzFek="
    },
    "sntp": {
      "version": "1.0.9",
      "resolved": "https://registry.npmjs.org/sntp/-/sntp-1.0.9.tgz",
      "integrity": "sha1-ZUEYTMkK7qbG57NeJlkIJEPGYZg=",
      "requires": {
        "hoek": "2.16.3"
      }
    },
    "sshpk": {
      "version": "1.13.1",
      "resolved": "https://registry.npmjs.org/sshpk/-/sshpk-1.13.1.tgz",
      "integrity": "sha1-US322mKHFEMW3EwY/hzx2UBzm+M=",
      "requires": {
        "asn1": "0.2.3",
        "assert-plus": "1.0.0",
        "bcrypt-pbkdf": "1.0.1",
        "dashdash": "1.14.1",
        "ecc-jsbn": "0.1.1",
        "getpass": "0.1.7",
        "jsbn": "0.1.1",
        "tweetnacl": "https://registry.npmjs.org/tweetnacl/-/tweetnacl-0.14.5.tgz"
      },
      "dependencies": {
        "assert-plus": {
          "version": "1.0.0",
          "resolved": "https://registry.npmjs.org/assert-plus/-/assert-plus-1.0.0.tgz",
          "integrity": "sha1-8S4PPF13sLHN2RRpQuTpbB5N1SU="
        }
      }
    },
    "string_decoder": {
      "version": "https://registry.npmjs.org/string_decoder/-/string_decoder-1.0.1.tgz",
      "integrity": "sha1-YuIA8DmVWmgQ2N8KM//A8BNmLZg=",
      "requires": {
        "safe-buffer": "https://registry.npmjs.org/safe-buffer/-/safe-buffer-5.0.1.tgz"
      }
    },
    "string-template": {
      "version": "1.0.0",
      "resolved": "https://registry.npmjs.org/string-template/-/string-template-1.0.0.tgz",
      "integrity": "sha1-np8iM9wA8hhxjsN5oopWc+zKi5Y="
    },
    "string-width": {
      "version": "https://registry.npmjs.org/string-width/-/string-width-1.0.2.tgz",
      "integrity": "sha1-EYvfW4zcUaKn5w0hHgfisLmxB9M=",
      "requires": {
        "code-point-at": "https://registry.npmjs.org/code-point-at/-/code-point-at-1.1.0.tgz",
        "is-fullwidth-code-point": "https://registry.npmjs.org/is-fullwidth-code-point/-/is-fullwidth-code-point-1.0.0.tgz",
        "strip-ansi": "https://registry.npmjs.org/strip-ansi/-/strip-ansi-3.0.1.tgz"
      }
    },
    "stringstream": {
      "version": "0.0.5",
      "resolved": "https://registry.npmjs.org/stringstream/-/stringstream-0.0.5.tgz",
      "integrity": "sha1-TkhM1N5aC7vuGORjB3EKioFiGHg="
    },
    "strip-ansi": {
      "version": "https://registry.npmjs.org/strip-ansi/-/strip-ansi-3.0.1.tgz",
      "integrity": "sha1-ajhfuIU9lS1f8F0Oiq+UJ43GPc8=",
      "requires": {
        "ansi-regex": "https://registry.npmjs.org/ansi-regex/-/ansi-regex-2.1.1.tgz"
      }
    },
    "strip-json-comments": {
      "version": "https://registry.npmjs.org/strip-json-comments/-/strip-json-comments-2.0.1.tgz",
      "integrity": "sha1-PFMZQukIwml8DsNEhYwobHygpgo="
    },
    "supports-color": {
      "version": "4.2.0",
      "resolved": "https://registry.npmjs.org/supports-color/-/supports-color-4.2.0.tgz",
      "integrity": "sha512-Ts0Mu/A1S1aZxEJNG88I4Oc9rcZSBFNac5e27yh4j2mqbhZSSzR1Ah79EYwSn9Zuh7lrlGD2cVGzw1RKGzyLSg==",
      "requires": {
        "has-flag": "2.0.0"
      }
    },
    "tar-fs": {
      "version": "https://registry.npmjs.org/tar-fs/-/tar-fs-1.15.2.tgz",
      "integrity": "sha1-dh9bMpMsezlGGmDVN/rqDYCEgww=",
      "requires": {
        "chownr": "https://registry.npmjs.org/chownr/-/chownr-1.0.1.tgz",
        "mkdirp": "https://registry.npmjs.org/mkdirp/-/mkdirp-0.5.1.tgz",
        "pump": "https://registry.npmjs.org/pump/-/pump-1.0.2.tgz",
        "tar-stream": "https://registry.npmjs.org/tar-stream/-/tar-stream-1.5.4.tgz"
      }
    },
    "tar-stream": {
      "version": "https://registry.npmjs.org/tar-stream/-/tar-stream-1.5.4.tgz",
      "integrity": "sha1-NlSc8E7RrumyowwBQyUiONr5QBY=",
      "requires": {
        "bl": "https://registry.npmjs.org/bl/-/bl-1.2.1.tgz",
        "end-of-stream": "https://registry.npmjs.org/end-of-stream/-/end-of-stream-1.4.0.tgz",
        "readable-stream": "https://registry.npmjs.org/readable-stream/-/readable-stream-2.2.9.tgz",
        "xtend": "https://registry.npmjs.org/xtend/-/xtend-4.0.1.tgz"
      }
    },
    "tough-cookie": {
      "version": "2.3.2",
      "resolved": "https://registry.npmjs.org/tough-cookie/-/tough-cookie-2.3.2.tgz",
      "integrity": "sha1-8IH3bkyFcg5sN6X6ztc3FQ2EByo=",
      "requires": {
        "punycode": "1.4.1"
      }
    },
    "tunnel-agent": {
      "version": "https://registry.npmjs.org/tunnel-agent/-/tunnel-agent-0.4.3.tgz",
      "integrity": "sha1-Y3PbdpCf5XDgjXNYM2Xtgop07us="
    },
    "tweetnacl": {
      "version": "https://registry.npmjs.org/tweetnacl/-/tweetnacl-0.14.5.tgz",
      "integrity": "sha1-WuaBd/GS1EViadEIr6k/+HQ/T2Q="
    },
    "ultron": {
      "version": "https://registry.npmjs.org/ultron/-/ultron-1.1.0.tgz",
      "integrity": "sha1-sHoualQagV/Go0zNRTO67DB8qGQ="
    },
    "unzip-response": {
      "version": "https://registry.npmjs.org/unzip-response/-/unzip-response-1.0.2.tgz",
      "integrity": "sha1-uYTwh3/AqJwsdzzB73tbIytbBv4="
    },
    "util-deprecate": {
      "version": "https://registry.npmjs.org/util-deprecate/-/util-deprecate-1.0.2.tgz",
      "integrity": "sha1-RQ1Nyfpw3nMnYvvS1KKJgUGaDM8="
    },
    "uuid": {
      "version": "3.1.0",
      "resolved": "https://registry.npmjs.org/uuid/-/uuid-3.1.0.tgz",
      "integrity": "sha512-DIWtzUkw04M4k3bf1IcpS2tngXEL26YUD2M0tMDUpnUrz2hgzUBlD55a4FjdLGPvfHxS6uluGWvaVEqgBcVa+g=="
    },
    "uws": {
      "version": "https://registry.npmjs.org/uws/-/uws-0.14.5.tgz",
      "integrity": "sha1-Z6rzPEaypYel9mZtAPdpEyjxSdw="
    },
    "verror": {
      "version": "1.3.6",
      "resolved": "https://registry.npmjs.org/verror/-/verror-1.3.6.tgz",
      "integrity": "sha1-z/XfEpRtKX0rqu+qJoniW+AcAFw=",
      "requires": {
        "extsprintf": "1.0.2"
      }
    },
    "wide-align": {
      "version": "https://registry.npmjs.org/wide-align/-/wide-align-1.1.2.tgz",
      "integrity": "sha1-Vx4PGwYEY268DfwhsDObvjE0FxA=",
      "requires": {
        "string-width": "https://registry.npmjs.org/string-width/-/string-width-1.0.2.tgz"
      }
    },
    "wrappy": {
      "version": "https://registry.npmjs.org/wrappy/-/wrappy-1.0.2.tgz",
      "integrity": "sha1-tSQ9jz7BqjXxNkYFvA0QNuMKtp8="
    },
    "ws": {
      "version": "https://registry.npmjs.org/ws/-/ws-2.3.1.tgz",
      "integrity": "sha1-a5Sz5EfLajY/eF6vlK9jWejoHIA=",
      "requires": {
        "safe-buffer": "https://registry.npmjs.org/safe-buffer/-/safe-buffer-5.0.1.tgz",
        "ultron": "https://registry.npmjs.org/ultron/-/ultron-1.1.0.tgz"
      }
    },
    "xtend": {
      "version": "https://registry.npmjs.org/xtend/-/xtend-4.0.1.tgz",
      "integrity": "sha1-pcbVMr5lbiPbgg77lDofBJmNY68="
    }
  }
}
